// !$*UTF8*$!
{
	archiveVersion = 1;
	classes = {
	};
	objectVersion = 46;
	objects = {

/* Begin PBXBuildFile section */
		863D1D16185775A600A99905 /* MapKit.framework in Frameworks */ = {isa = PBXBuildFile; fileRef = 863D1D15185775A600A99905 /* MapKit.framework */; };
		863D1D18185775AF00A99905 /* CoreLocation.framework in Frameworks */ = {isa = PBXBuildFile; fileRef = 863D1D17185775AF00A99905 /* CoreLocation.framework */; };
		863D1D1B1857843B00A99905 /* AFCrosshairsView.m in Sources */ = {isa = PBXBuildFile; fileRef = 863D1D1A1857843B00A99905 /* AFCrosshairsView.m */; };
		864837EE185758C100B0F786 /* Foundation.framework in Frameworks */ = {isa = PBXBuildFile; fileRef = 864837ED185758C100B0F786 /* Foundation.framework */; };
		864837F0185758C100B0F786 /* CoreGraphics.framework in Frameworks */ = {isa = PBXBuildFile; fileRef = 864837EF185758C100B0F786 /* CoreGraphics.framework */; };
		864837F2185758C100B0F786 /* UIKit.framework in Frameworks */ = {isa = PBXBuildFile; fileRef = 864837F1185758C100B0F786 /* UIKit.framework */; };
		864837F8185758C100B0F786 /* InfoPlist.strings in Resources */ = {isa = PBXBuildFile; fileRef = 864837F6185758C100B0F786 /* InfoPlist.strings */; };
		864837FA185758C100B0F786 /* main.m in Sources */ = {isa = PBXBuildFile; fileRef = 864837F9185758C100B0F786 /* main.m */; };
		864837FE185758C100B0F786 /* testAppAppDelegate.m in Sources */ = {isa = PBXBuildFile; fileRef = 864837FD185758C100B0F786 /* testAppAppDelegate.m */; };
		86483801185758C100B0F786 /* Main.storyboard in Resources */ = {isa = PBXBuildFile; fileRef = 864837FF185758C100B0F786 /* Main.storyboard */; };
		86483804185758C100B0F786 /* testAppViewController.m in Sources */ = {isa = PBXBuildFile; fileRef = 86483803185758C100B0F786 /* testAppViewController.m */; };
		86483806185758C100B0F786 /* Images.xcassets in Resources */ = {isa = PBXBuildFile; fileRef = 86483805185758C100B0F786 /* Images.xcassets */; };
		8648380D185758C100B0F786 /* XCTest.framework in Frameworks */ = {isa = PBXBuildFile; fileRef = 8648380C185758C100B0F786 /* XCTest.framework */; };
		8648380E185758C100B0F786 /* Foundation.framework in Frameworks */ = {isa = PBXBuildFile; fileRef = 864837ED185758C100B0F786 /* Foundation.framework */; };
		8648380F185758C100B0F786 /* UIKit.framework in Frameworks */ = {isa = PBXBuildFile; fileRef = 864837F1185758C100B0F786 /* UIKit.framework */; };
		86483817185758C100B0F786 /* InfoPlist.strings in Resources */ = {isa = PBXBuildFile; fileRef = 86483815185758C100B0F786 /* InfoPlist.strings */; };
		86483819185758C100B0F786 /* testApp2Tests.m in Sources */ = {isa = PBXBuildFile; fileRef = 86483818185758C100B0F786 /* testApp2Tests.m */; };
/* End PBXBuildFile section */

/* Begin PBXContainerItemProxy section */
		86483810185758C100B0F786 /* PBXContainerItemProxy */ = {
			isa = PBXContainerItemProxy;
			containerPortal = 864837E2185758C100B0F786 /* Project object */;
			proxyType = 1;
			remoteGlobalIDString = 864837E9185758C100B0F786;
			remoteInfo = testApp2;
		};
/* End PBXContainerItemProxy section */

/* Begin PBXFileReference section */
		863D1D15185775A600A99905 /* MapKit.framework */ = {isa = PBXFileReference; lastKnownFileType = wrapper.framework; name = MapKit.framework; path = System/Library/Frameworks/MapKit.framework; sourceTree = SDKROOT; };
		863D1D17185775AF00A99905 /* CoreLocation.framework */ = {isa = PBXFileReference; lastKnownFileType = wrapper.framework; name = CoreLocation.framework; path = System/Library/Frameworks/CoreLocation.framework; sourceTree = SDKROOT; };
		863D1D191857843B00A99905 /* AFCrosshairsView.h */ = {isa = PBXFileReference; fileEncoding = 4; lastKnownFileType = sourcecode.c.h; path = AFCrosshairsView.h; sourceTree = "<group>"; };
		863D1D1A1857843B00A99905 /* AFCrosshairsView.m */ = {isa = PBXFileReference; fileEncoding = 4; lastKnownFileType = sourcecode.c.objc; path = AFCrosshairsView.m; sourceTree = "<group>"; };
		864837EA185758C100B0F786 /* testApp2.app */ = {isa = PBXFileReference; explicitFileType = wrapper.application; includeInIndex = 0; path = testApp2.app; sourceTree = BUILT_PRODUCTS_DIR; };
		864837ED185758C100B0F786 /* Foundation.framework */ = {isa = PBXFileReference; lastKnownFileType = wrapper.framework; name = Foundation.framework; path = System/Library/Frameworks/Foundation.framework; sourceTree = SDKROOT; };
		864837EF185758C100B0F786 /* CoreGraphics.framework */ = {isa = PBXFileReference; lastKnownFileType = wrapper.framework; name = CoreGraphics.framework; path = System/Library/Frameworks/CoreGraphics.framework; sourceTree = SDKROOT; };
		864837F1185758C100B0F786 /* UIKit.framework */ = {isa = PBXFileReference; lastKnownFileType = wrapper.framework; name = UIKit.framework; path = System/Library/Frameworks/UIKit.framework; sourceTree = SDKROOT; };
		864837F5185758C100B0F786 /* testApp2-Info.plist */ = {isa = PBXFileReference; lastKnownFileType = text.plist.xml; path = "testApp2-Info.plist"; sourceTree = "<group>"; };
		864837F7185758C100B0F786 /* en */ = {isa = PBXFileReference; lastKnownFileType = text.plist.strings; name = en; path = en.lproj/InfoPlist.strings; sourceTree = "<group>"; };
		864837F9185758C100B0F786 /* main.m */ = {isa = PBXFileReference; lastKnownFileType = sourcecode.c.objc; path = main.m; sourceTree = "<group>"; };
		864837FB185758C100B0F786 /* testApp2-Prefix.pch */ = {isa = PBXFileReference; lastKnownFileType = sourcecode.c.h; path = "testApp2-Prefix.pch"; sourceTree = "<group>"; };
		864837FC185758C100B0F786 /* testAppAppDelegate.h */ = {isa = PBXFileReference; lastKnownFileType = sourcecode.c.h; path = testAppAppDelegate.h; sourceTree = "<group>"; };
		864837FD185758C100B0F786 /* testAppAppDelegate.m */ = {isa = PBXFileReference; lastKnownFileType = sourcecode.c.objc; path = testAppAppDelegate.m; sourceTree = "<group>"; };
		86483800185758C100B0F786 /* Base */ = {isa = PBXFileReference; lastKnownFileType = file.storyboard; name = Base; path = Base.lproj/Main.storyboard; sourceTree = "<group>"; };
		86483802185758C100B0F786 /* testAppViewController.h */ = {isa = PBXFileReference; lastKnownFileType = sourcecode.c.h; path = testAppViewController.h; sourceTree = "<group>"; };
		86483803185758C100B0F786 /* testAppViewController.m */ = {isa = PBXFileReference; lastKnownFileType = sourcecode.c.objc; path = testAppViewController.m; sourceTree = "<group>"; };
		86483805185758C100B0F786 /* Images.xcassets */ = {isa = PBXFileReference; lastKnownFileType = folder.assetcatalog; path = Images.xcassets; sourceTree = "<group>"; };
		8648380B185758C100B0F786 /* testApp2Tests.xctest */ = {isa = PBXFileReference; explicitFileType = wrapper.cfbundle; includeInIndex = 0; path = testApp2Tests.xctest; sourceTree = BUILT_PRODUCTS_DIR; };
		8648380C185758C100B0F786 /* XCTest.framework */ = {isa = PBXFileReference; lastKnownFileType = wrapper.framework; name = XCTest.framework; path = Library/Frameworks/XCTest.framework; sourceTree = DEVELOPER_DIR; };
		86483814185758C100B0F786 /* testApp2Tests-Info.plist */ = {isa = PBXFileReference; lastKnownFileType = text.plist.xml; path = "testApp2Tests-Info.plist"; sourceTree = "<group>"; };
		86483816185758C100B0F786 /* en */ = {isa = PBXFileReference; lastKnownFileType = text.plist.strings; name = en; path = en.lproj/InfoPlist.strings; sourceTree = "<group>"; };
		86483818185758C100B0F786 /* testApp2Tests.m */ = {isa = PBXFileReference; lastKnownFileType = sourcecode.c.objc; path = testApp2Tests.m; sourceTree = "<group>"; };
/* End PBXFileReference section */

/* Begin PBXFrameworksBuildPhase section */
		864837E7185758C100B0F786 /* Frameworks */ = {
			isa = PBXFrameworksBuildPhase;
			buildActionMask = 2147483647;
			files = (
				863D1D18185775AF00A99905 /* CoreLocation.framework in Frameworks */,
				863D1D16185775A600A99905 /* MapKit.framework in Frameworks */,
				864837F0185758C100B0F786 /* CoreGraphics.framework in Frameworks */,
				864837F2185758C100B0F786 /* UIKit.framework in Frameworks */,
				864837EE185758C100B0F786 /* Foundation.framework in Frameworks */,
			);
			runOnlyForDeploymentPostprocessing = 0;
		};
		86483808185758C100B0F786 /* Frameworks */ = {
			isa = PBXFrameworksBuildPhase;
			buildActionMask = 2147483647;
			files = (
				8648380D185758C100B0F786 /* XCTest.framework in Frameworks */,
				8648380F185758C100B0F786 /* UIKit.framework in Frameworks */,
				8648380E185758C100B0F786 /* Foundation.framework in Frameworks */,
			);
			runOnlyForDeploymentPostprocessing = 0;
		};
/* End PBXFrameworksBuildPhase section */

/* Begin PBXGroup section */
		864837E1185758C100B0F786 = {
			isa = PBXGroup;
			children = (
				864837F3185758C100B0F786 /* testApp2 */,
				86483812185758C100B0F786 /* testApp2Tests */,
				864837EC185758C100B0F786 /* Frameworks */,
				864837EB185758C100B0F786 /* Products */,
			);
			sourceTree = "<group>";
		};
		864837EB185758C100B0F786 /* Products */ = {
			isa = PBXGroup;
			children = (
				864837EA185758C100B0F786 /* testApp2.app */,
				8648380B185758C100B0F786 /* testApp2Tests.xctest */,
			);
			name = Products;
			sourceTree = "<group>";
		};
		864837EC185758C100B0F786 /* Frameworks */ = {
			isa = PBXGroup;
			children = (
				863D1D17185775AF00A99905 /* CoreLocation.framework */,
				863D1D15185775A600A99905 /* MapKit.framework */,
				864837ED185758C100B0F786 /* Foundation.framework */,
				864837EF185758C100B0F786 /* CoreGraphics.framework */,
				864837F1185758C100B0F786 /* UIKit.framework */,
				8648380C185758C100B0F786 /* XCTest.framework */,
			);
			name = Frameworks;
			sourceTree = "<group>";
		};
		864837F3185758C100B0F786 /* testApp2 */ = {
			isa = PBXGroup;
			children = (
				864837FC185758C100B0F786 /* testAppAppDelegate.h */,
				864837FD185758C100B0F786 /* testAppAppDelegate.m */,
				864837FF185758C100B0F786 /* Main.storyboard */,
				86483802185758C100B0F786 /* testAppViewController.h */,
				86483803185758C100B0F786 /* testAppViewController.m */,
				863D1D191857843B00A99905 /* AFCrosshairsView.h */,
				863D1D1A1857843B00A99905 /* AFCrosshairsView.m */,
				86483805185758C100B0F786 /* Images.xcassets */,
				864837F4185758C100B0F786 /* Supporting Files */,
			);
			path = testApp2;
			sourceTree = "<group>";
		};
		864837F4185758C100B0F786 /* Supporting Files */ = {
			isa = PBXGroup;
			children = (
				864837F5185758C100B0F786 /* testApp2-Info.plist */,
				864837F6185758C100B0F786 /* InfoPlist.strings */,
				864837F9185758C100B0F786 /* main.m */,
				864837FB185758C100B0F786 /* testApp2-Prefix.pch */,
			);
			name = "Supporting Files";
			sourceTree = "<group>";
		};
		86483812185758C100B0F786 /* testApp2Tests */ = {
			isa = PBXGroup;
			children = (
				86483818185758C100B0F786 /* testApp2Tests.m */,
				86483813185758C100B0F786 /* Supporting Files */,
			);
			path = testApp2Tests;
			sourceTree = "<group>";
		};
		86483813185758C100B0F786 /* Supporting Files */ = {
			isa = PBXGroup;
			children = (
				86483814185758C100B0F786 /* testApp2Tests-Info.plist */,
				86483815185758C100B0F786 /* InfoPlist.strings */,
			);
			name = "Supporting Files";
			sourceTree = "<group>";
		};
/* End PBXGroup section */

/* Begin PBXNativeTarget section */
		864837E9185758C100B0F786 /* testApp2 */ = {
			isa = PBXNativeTarget;
			buildConfigurationList = 8648381C185758C100B0F786 /* Build configuration list for PBXNativeTarget "testApp2" */;
			buildPhases = (
				864837E6185758C100B0F786 /* Sources */,
				864837E7185758C100B0F786 /* Frameworks */,
				864837E8185758C100B0F786 /* Resources */,
			);
			buildRules = (
			);
			dependencies = (
			);
			name = testApp2;
			productName = testApp2;
			productReference = 864837EA185758C100B0F786 /* testApp2.app */;
			productType = "com.apple.product-type.application";
		};
		8648380A185758C100B0F786 /* testApp2Tests */ = {
			isa = PBXNativeTarget;
			buildConfigurationList = 8648381F185758C100B0F786 /* Build configuration list for PBXNativeTarget "testApp2Tests" */;
			buildPhases = (
				86483807185758C100B0F786 /* Sources */,
				86483808185758C100B0F786 /* Frameworks */,
				86483809185758C100B0F786 /* Resources */,
			);
			buildRules = (
			);
			dependencies = (
				86483811185758C100B0F786 /* PBXTargetDependency */,
			);
			name = testApp2Tests;
			productName = testApp2Tests;
			productReference = 8648380B185758C100B0F786 /* testApp2Tests.xctest */;
			productType = "com.apple.product-type.bundle.unit-test";
		};
/* End PBXNativeTarget section */

/* Begin PBXProject section */
		864837E2185758C100B0F786 /* Project object */ = {
			isa = PBXProject;
			attributes = {
				CLASSPREFIX = testApp;
				LastUpgradeCheck = 0500;
				ORGANIZATIONNAME = "Apps Factory";
				TargetAttributes = {
					8648380A185758C100B0F786 = {
						TestTargetID = 864837E9185758C100B0F786;
					};
				};
			};
			buildConfigurationList = 864837E5185758C100B0F786 /* Build configuration list for PBXProject "testApp2" */;
			compatibilityVersion = "Xcode 3.2";
			developmentRegion = English;
			hasScannedForEncodings = 0;
			knownRegions = (
				en,
				Base,
			);
			mainGroup = 864837E1185758C100B0F786;
			productRefGroup = 864837EB185758C100B0F786 /* Products */;
			projectDirPath = "";
			projectRoot = "";
			targets = (
				864837E9185758C100B0F786 /* testApp2 */,
				8648380A185758C100B0F786 /* testApp2Tests */,
			);
		};
/* End PBXProject section */

/* Begin PBXResourcesBuildPhase section */
		864837E8185758C100B0F786 /* Resources */ = {
			isa = PBXResourcesBuildPhase;
			buildActionMask = 2147483647;
			files = (
				86483806185758C100B0F786 /* Images.xcassets in Resources */,
				864837F8185758C100B0F786 /* InfoPlist.strings in Resources */,
				86483801185758C100B0F786 /* Main.storyboard in Resources */,
			);
			runOnlyForDeploymentPostprocessing = 0;
		};
		86483809185758C100B0F786 /* Resources */ = {
			isa = PBXResourcesBuildPhase;
			buildActionMask = 2147483647;
			files = (
				86483817185758C100B0F786 /* InfoPlist.strings in Resources */,
			);
			runOnlyForDeploymentPostprocessing = 0;
		};
/* End PBXResourcesBuildPhase section */

/* Begin PBXSourcesBuildPhase section */
		864837E6185758C100B0F786 /* Sources */ = {
			isa = PBXSourcesBuildPhase;
			buildActionMask = 2147483647;
			files = (
				863D1D1B1857843B00A99905 /* AFCrosshairsView.m in Sources */,
				86483804185758C100B0F786 /* testAppViewController.m in Sources */,
				864837FE185758C100B0F786 /* testAppAppDelegate.m in Sources */,
				864837FA185758C100B0F786 /* main.m in Sources */,
			);
			runOnlyForDeploymentPostprocessing = 0;
		};
		86483807185758C100B0F786 /* Sources */ = {
			isa = PBXSourcesBuildPhase;
			buildActionMask = 2147483647;
			files = (
				86483819185758C100B0F786 /* testApp2Tests.m in Sources */,
			);
			runOnlyForDeploymentPostprocessing = 0;
		};
/* End PBXSourcesBuildPhase section */

/* Begin PBXTargetDependency section */
		86483811185758C100B0F786 /* PBXTargetDependency */ = {
			isa = PBXTargetDependency;
			target = 864837E9185758C100B0F786 /* testApp2 */;
			targetProxy = 86483810185758C100B0F786 /* PBXContainerItemProxy */;
		};
/* End PBXTargetDependency section */

/* Begin PBXVariantGroup section */
		864837F6185758C100B0F786 /* InfoPlist.strings */ = {
			isa = PBXVariantGroup;
			children = (
				864837F7185758C100B0F786 /* en */,
			);
			name = InfoPlist.strings;
			sourceTree = "<group>";
		};
		864837FF185758C100B0F786 /* Main.storyboard */ = {
			isa = PBXVariantGroup;
			children = (
				86483800185758C100B0F786 /* Base */,
			);
			name = Main.storyboard;
			sourceTree = "<group>";
		};
		86483815185758C100B0F786 /* InfoPlist.strings */ = {
			isa = PBXVariantGroup;
			children = (
				86483816185758C100B0F786 /* en */,
			);
			name = InfoPlist.strings;
			sourceTree = "<group>";
		};
/* End PBXVariantGroup section */

/* Begin XCBuildConfiguration section */
		8648381A185758C100B0F786 /* Debug */ = {
			isa = XCBuildConfiguration;
			buildSettings = {
				ALWAYS_SEARCH_USER_PATHS = NO;
				ARCHS = "$(ARCHS_STANDARD_INCLUDING_64_BIT)";
				CLANG_CXX_LANGUAGE_STANDARD = "gnu++0x";
				CLANG_CXX_LIBRARY = "libc++";
				CLANG_ENABLE_MODULES = YES;
				CLANG_ENABLE_OBJC_ARC = YES;
				CLANG_WARN_BOOL_CONVERSION = YES;
				CLANG_WARN_CONSTANT_CONVERSION = YES;
				CLANG_WARN_DIRECT_OBJC_ISA_USAGE = YES_ERROR;
				CLANG_WARN_EMPTY_BODY = YES;
				CLANG_WARN_ENUM_CONVERSION = YES;
				CLANG_WARN_INT_CONVERSION = YES;
				CLANG_WARN_OBJC_ROOT_CLASS = YES_ERROR;
				CLANG_WARN__DUPLICATE_METHOD_MATCH = YES;
				"CODE_SIGN_IDENTITY[sdk=iphoneos*]" = "iPhone Developer";
				COPY_PHASE_STRIP = NO;
				GCC_C_LANGUAGE_STANDARD = gnu99;
				GCC_DYNAMIC_NO_PIC = NO;
				GCC_OPTIMIZATION_LEVEL = 0;
				GCC_PREPROCESSOR_DEFINITIONS = (
					"DEBUG=1",
					"$(inherited)",
				);
				GCC_SYMBOLS_PRIVATE_EXTERN = NO;
				GCC_WARN_64_TO_32_BIT_CONVERSION = YES;
				GCC_WARN_ABOUT_RETURN_TYPE = YES_ERROR;
				GCC_WARN_UNDECLARED_SELECTOR = YES;
				GCC_WARN_UNINITIALIZED_AUTOS = YES;
				GCC_WARN_UNUSED_FUNCTION = YES;
				GCC_WARN_UNUSED_VARIABLE = YES;
				IPHONEOS_DEPLOYMENT_TARGET = 7.0;
				ONLY_ACTIVE_ARCH = YES;
				SDKROOT = iphoneos;
			};
			name = Debug;
		};
		8648381B185758C100B0F786 /* Release */ = {
			isa = XCBuildConfiguration;
			buildSettings = {
				ALWAYS_SEARCH_USER_PATHS = NO;
				ARCHS = "$(ARCHS_STANDARD_INCLUDING_64_BIT)";
				CLANG_CXX_LANGUAGE_STANDARD = "gnu++0x";
				CLANG_CXX_LIBRARY = "libc++";
				CLANG_ENABLE_MODULES = YES;
				CLANG_ENABLE_OBJC_ARC = YES;
				CLANG_WARN_BOOL_CONVERSION = YES;
				CLANG_WARN_CONSTANT_CONVERSION = YES;
				CLANG_WARN_DIRECT_OBJC_ISA_USAGE = YES_ERROR;
				CLANG_WARN_EMPTY_BODY = YES;
				CLANG_WARN_ENUM_CONVERSION = YES;
				CLANG_WARN_INT_CONVERSION = YES;
				CLANG_WARN_OBJC_ROOT_CLASS = YES_ERROR;
				CLANG_WARN__DUPLICATE_METHOD_MATCH = YES;
				"CODE_SIGN_IDENTITY[sdk=iphoneos*]" = "iPhone Developer";
				COPY_PHASE_STRIP = YES;
				ENABLE_NS_ASSERTIONS = NO;
				GCC_C_LANGUAGE_STANDARD = gnu99;
				GCC_WARN_64_TO_32_BIT_CONVERSION = YES;
				GCC_WARN_ABOUT_RETURN_TYPE = YES_ERROR;
				GCC_WARN_UNDECLARED_SELECTOR = YES;
				GCC_WARN_UNINITIALIZED_AUTOS = YES;
				GCC_WARN_UNUSED_FUNCTION = YES;
				GCC_WARN_UNUSED_VARIABLE = YES;
				IPHONEOS_DEPLOYMENT_TARGET = 7.0;
				SDKROOT = iphoneos;
				VALIDATE_PRODUCT = YES;
			};
			name = Release;
		};
		8648381D185758C100B0F786 /* Debug */ = {
			isa = XCBuildConfiguration;
			buildSettings = {
				ASSETCATALOG_COMPILER_APPICON_NAME = AppIcon;
				ASSETCATALOG_COMPILER_LAUNCHIMAGE_NAME = LaunchImage;
				GCC_PRECOMPILE_PREFIX_HEADER = YES;
				GCC_PREFIX_HEADER = "testApp2/testApp2-Prefix.pch";
				INFOPLIST_FILE = "testApp2/testApp2-Info.plist";
				PRODUCT_NAME = "$(TARGET_NAME)";
				WRAPPER_EXTENSION = app;
			};
			name = Debug;
		};
		8648381E185758C100B0F786 /* Release */ = {
			isa = XCBuildConfiguration;
			buildSettings = {
				ASSETCATALOG_COMPILER_APPICON_NAME = AppIcon;
				ASSETCATALOG_COMPILER_LAUNCHIMAGE_NAME = LaunchImage;
				GCC_PRECOMPILE_PREFIX_HEADER = YES;
				GCC_PREFIX_HEADER = "testApp2/testApp2-Prefix.pch";
				INFOPLIST_FILE = "testApp2/testApp2-Info.plist";
				PRODUCT_NAME = "$(TARGET_NAME)";
				WRAPPER_EXTENSION = app;
			};
			name = Release;
		};
		86483820185758C100B0F786 /* Debug */ = {
			isa = XCBuildConfiguration;
			buildSettings = {
				ARCHS = "$(ARCHS_STANDARD_INCLUDING_64_BIT)";
				BUNDLE_LOADER = "$(BUILT_PRODUCTS_DIR)/testApp2.app/testApp2";
				FRAMEWORK_SEARCH_PATHS = (
					"$(SDKROOT)/Developer/Library/Frameworks",
					"$(inherited)",
					"$(DEVELOPER_FRAMEWORKS_DIR)",
				);
				GCC_PRECOMPILE_PREFIX_HEADER = YES;
				GCC_PREFIX_HEADER = "testApp2/testApp2-Prefix.pch";
				GCC_PREPROCESSOR_DEFINITIONS = (
					"DEBUG=1",
					"$(inherited)",
				);
				INFOPLIST_FILE = "testApp2Tests/testApp2Tests-Info.plist";
				PRODUCT_NAME = "$(TARGET_NAME)";
				TEST_HOST = "$(BUNDLE_LOADER)";
				WRAPPER_EXTENSION = xctest;
			};
			name = Debug;
		};
		86483821185758C100B0F786 /* Release */ = {
			isa = XCBuildConfiguration;
			buildSettings = {
				ARCHS = "$(ARCHS_STANDARD_INCLUDING_64_BIT)";
				BUNDLE_LOADER = "$(BUILT_PRODUCTS_DIR)/testApp2.app/testApp2";
				FRAMEWORK_SEARCH_PATHS = (
					"$(SDKROOT)/Developer/Library/Frameworks",
					"$(inherited)",
					"$(DEVELOPER_FRAMEWORKS_DIR)",
				);
				GCC_PRECOMPILE_PREFIX_HEADER = YES;
				GCC_PREFIX_HEADER = "testApp2/testApp2-Prefix.pch";
				INFOPLIST_FILE = "testApp2Tests/testApp2Tests-Info.plist";
				PRODUCT_NAME = "$(TARGET_NAME)";
				TEST_HOST = "$(BUNDLE_LOADER)";
				WRAPPER_EXTENSION = xctest;
			};
			name = Release;
		};
/* End XCBuildConfiguration section */

/* Begin XCConfigurationList section */
		864837E5185758C100B0F786 /* Build configuration list for PBXProject "testApp2" */ = {
			isa = XCConfigurationList;
			buildConfigurations = (
				8648381A185758C100B0F786 /* Debug */,
				8648381B185758C100B0F786 /* Release */,
			);
			defaultConfigurationIsVisible = 0;
			defaultConfigurationName = Release;
		};
		8648381C185758C100B0F786 /* Build configuration list for PBXNativeTarget "testApp2" */ = {
			isa = XCConfigurationList;
			buildConfigurations = (
				8648381D185758C100B0F786 /* Debug */,
				8648381E185758C100B0F786 /* Release */,
			);
			defaultConfigurationIsVisible = 0;
			defaultConfigurationName = Release;
		};
		8648381F185758C100B0F786 /* Build configuration list for PBXNativeTarget "testApp2Tests" */ = {
			isa = XCConfigurationList;
			buildConfigurations = (
				86483820185758C100B0F786 /* Debug */,
				86483821185758C100B0F786 /* Release */,
			);
			defaultConfigurationIsVisible = 0;
			defaultConfigurationName = Release;
		};
/* End XCConfigurationList section */
	};
	rootObject = 864837E2185758C100B0F786 /* Project object */;
}
